# @generated by Move, please check-in and do not edit manually.

[move]
version = 3
manifest_digest = "9CFF361ED83112A478314D8E42AAE7BAFEFD6B3D671D08D453FA2D2C84612F75"
deps_digest = "F9B494B64F0615AED0E98FC12A85B85ECD2BC5185C22D30E7F67786BB52E507C"
dependencies = [
  { id = "AxelarGateway", name = "AxelarGateway" },
  { id = "GasService", name = "GasService" },
  { id = "InterchainTokenService", name = "InterchainTokenService" },
  { id = "Sui", name = "Sui" },
]

[[move.package]]
id = "Abi"
source = { git = "https://github.com/axelarnetwork/axelar-cgp-sui.git", rev = "v1.1.3", subdir = "move/abi" }

dependencies = [
  { id = "Sui", name = "Sui" },
]

[[move.package]]
id = "AxelarGateway"
source = { git = "https://github.com/axelarnetwork/axelar-cgp-sui.git", rev = "v1.1.3", subdir = "move/axelar_gateway" }

dependencies = [
  { id = "MoveStdlib", name = "MoveStdlib" },
  { id = "Sui", name = "Sui" },
  { id = "Utils", name = "Utils" },
  { id = "VersionControl", name = "VersionControl" },
]

[[move.package]]
id = "GasService"
source = { git = "https://github.com/axelarnetwork/axelar-cgp-sui.git", rev = "v1.1.3", subdir = "move/gas_service" }

dependencies = [
  { id = "AxelarGateway", name = "AxelarGateway" },
  { id = "Sui", name = "Sui" },
  { id = "VersionControl", name = "VersionControl" },
]

[[move.package]]
id = "InterchainTokenService"
source = { git = "https://github.com/axelarnetwork/axelar-cgp-sui.git", rev = "v1.1.3", subdir = "move/interchain_token_service" }

dependencies = [
  { id = "Abi", name = "Abi" },
  { id = "AxelarGateway", name = "AxelarGateway" },
  { id = "RelayerDiscovery", name = "RelayerDiscovery" },
  { id = "Sui", name = "Sui" },
  { id = "Utils", name = "Utils" },
  { id = "VersionControl", name = "VersionControl" },
]

[[move.package]]
id = "MoveStdlib"
source = { git = "https://github.com/MystenLabs/sui.git", rev = "mainnet-v1.38.3", subdir = "crates/sui-framework/packages/move-stdlib" }

[[move.package]]
id = "RelayerDiscovery"
source = { git = "https://github.com/axelarnetwork/axelar-cgp-sui.git", rev = "v1.1.3", subdir = "move/relayer_discovery" }

dependencies = [
  { id = "AxelarGateway", name = "AxelarGateway" },
  { id = "Sui", name = "Sui" },
  { id = "VersionControl", name = "VersionControl" },
]

[[move.package]]
id = "Sui"
source = { git = "https://github.com/MystenLabs/sui.git", rev = "mainnet-v1.38.3", subdir = "crates/sui-framework/packages/sui-framework" }

dependencies = [
  { id = "MoveStdlib", name = "MoveStdlib" },
]

[[move.package]]
id = "Utils"
source = { git = "https://github.com/axelarnetwork/axelar-cgp-sui.git", rev = "v1.1.3", subdir = "move/utils" }

dependencies = [
  { id = "Sui", name = "Sui" },
]

[[move.package]]
id = "VersionControl"
source = { git = "https://github.com/axelarnetwork/axelar-cgp-sui.git", rev = "v1.1.3", subdir = "move/version_control" }

dependencies = [
  { id = "Sui", name = "Sui" },
]

[move.toolchain-version]
compiler-version = "1.39.0"
edition = "2024.beta"
flavor = "sui"
